
Microsoft Visual Studio Solution File, Format Version 12.00
# Visual Studio Version 17
VisualStudioVersion = 17.0.31903.59
MinimumVisualStudioVersion = 10.0.40219.1
Project("{9A19103F-16F7-4668-BE54-9A1E7A4F7556}") = "LocationDetector.API", "LocationDetector.API\LocationDetector.API.csproj", "{EF0DCB73-E1DE-446D-A8D9-8851CEEB388F}"
EndProject
Project("{FAE04EC0-301F-11D3-BF4B-00C04F79EFBC}") = "LocationDetector.Domain", "LocationDetector.Domain\LocationDetector.Domain.csproj", "{22503D30-0B98-4BBF-9EDA-7CDFF9F4E241}"
EndProject
Project("{FAE04EC0-301F-11D3-BF4B-00C04F79EFBC}") = "LocationDetector.Core", "LocationDetector.Core\LocationDetector.Core.csproj", "{FC3597B0-F7D2-4166-BEAE-49B5F0A40DDF}"
EndProject
Global
	GlobalSection(SolutionConfigurationPlatforms) = preSolution
		Debug|Any CPU = Debug|Any CPU
		Release|Any CPU = Release|Any CPU
	EndGlobalSection
	GlobalSection(ProjectConfigurationPlatforms) = postSolution
		{EF0DCB73-E1DE-446D-A8D9-8851CEEB388F}.Debug|Any CPU.ActiveCfg = Debug|Any CPU
		{EF0DCB73-E1DE-446D-A8D9-8851CEEB388F}.Debug|Any CPU.Build.0 = Debug|Any CPU
		{EF0DCB73-E1DE-446D-A8D9-8851CEEB388F}.Release|Any CPU.ActiveCfg = Release|Any CPU
		{EF0DCB73-E1DE-446D-A8D9-8851CEEB388F}.Release|Any CPU.Build.0 = Release|Any CPU
		{22503D30-0B98-4BBF-9EDA-7CDFF9F4E241}.Debug|Any CPU.ActiveCfg = Debug|Any CPU
		{22503D30-0B98-4BBF-9EDA-7CDFF9F4E241}.Debug|Any CPU.Build.0 = Debug|Any CPU
		{22503D30-0B98-4BBF-9EDA-7CDFF9F4E241}.Release|Any CPU.ActiveCfg = Release|Any CPU
		{22503D30-0B98-4BBF-9EDA-7CDFF9F4E241}.Release|Any CPU.Build.0 = Release|Any CPU
		{FC3597B0-F7D2-4166-BEAE-49B5F0A40DDF}.Debug|Any CPU.ActiveCfg = Debug|Any CPU
		{FC3597B0-F7D2-4166-BEAE-49B5F0A40DDF}.Debug|Any CPU.Build.0 = Debug|Any CPU
		{FC3597B0-F7D2-4166-BEAE-49B5F0A40DDF}.Release|Any CPU.ActiveCfg = Release|Any CPU
		{FC3597B0-F7D2-4166-BEAE-49B5F0A40DDF}.Release|Any CPU.Build.0 = Release|Any CPU
	EndGlobalSection
	GlobalSection(SolutionProperties) = preSolution
		HideSolutionNode = FALSE
	EndGlobalSection
	GlobalSection(ExtensibilityGlobals) = postSolution
		SolutionGuid = {7473FA8A-643E-4C7E-B05A-9827FEEAD384}
	EndGlobalSection
EndGlobal
